
Microsoft Visual Studio Solution File, Format Version 12.00
# Visual Studio Version 17
VisualStudioVersion = 17.3.32929.385
MinimumVisualStudioVersion = 10.0.40219.1
Project("{FAE04EC0-301F-11D3-BF4B-00C04F79EFBC}") = "111-1HW5", "111-1HW5\111-1HW5.csproj", "{4D27AFE5-A730-4D85-B633-3CF738CDF4FE}"
EndProject
Global
	GlobalSection(SolutionConfigurationPlatforms) = preSolution
		Debug|Any CPU = Debug|Any CPU
		Release|Any CPU = Release|Any CPU
	EndGlobalSection
	GlobalSection(ProjectConfigurationPlatforms) = postSolution
		{4D27AFE5-A730-4D85-B633-3CF738CDF4FE}.Debug|Any CPU.ActiveCfg = Debug|Any CPU
		{4D27AFE5-A730-4D85-B633-3CF738CDF4FE}.Debug|Any CPU.Build.0 = Debug|Any CPU
		{4D27AFE5-A730-4D85-B633-3CF738CDF4FE}.Release|Any CPU.ActiveCfg = Release|Any CPU
		{4D27AFE5-A730-4D85-B633-3CF738CDF4FE}.Release|Any CPU.Build.0 = Release|Any CPU
	EndGlobalSection
	GlobalSection(SolutionProperties) = preSolution
		HideSolutionNode = FALSE
	EndGlobalSection
	GlobalSection(ExtensibilityGlobals) = postSolution
		SolutionGuid = {89195F38-3004-4FAA-B72F-0BA592154CF7}
	EndGlobalSection
EndGlobal
